# Generated by pub
# See https://dart.dev/tools/pub/glossary#lockfile
packages:
  archive:
    dependency: transitive
    description:
      name: archive
      sha256: a96e8b390886ee8abb49b7bd3ac8df6f451c621619f52a26e815fdcf568959ff
      url: "https://pub.dev"
    source: hosted
    version: "4.0.9"
  args:
    dependency: transitive
    description:
      name: args
      sha256: d0481093c50b1da8910eb0bb301626d4d8eb7284aa739614d2b394ee09e3ea04
      url: "https://pub.dev"
    source: hosted
    version: "2.7.0"
  async:
    dependency: transitive
    description:
      name: async
      sha256: e2eb0491ba5ddb6177742d2da23904574082139b07c1e33b8503b9f46f3e1a37
      url: "https://pub.dev"
    source: hosted
    version: "2.13.1"
  boolean_selector:
    dependency: transitive
    description:
      name: boolean_selector
      sha256: "8aab1771e1243a5063b8b0ff68042d67334e3feab9e95b9490f9a6ebf73b42ea"
      url: "https://pub.dev"
    source: hosted
    version: "2.1.2"
  camera:
    dependency: "direct main"
    description:
      name: camera
      sha256: "4142a19a38e388d3bab444227636610ba88982e36dff4552d5191a86f65dc437"
      url: "https://pub.dev"
    source: hosted
    version: "0.11.4"
  camera_android_camerax:
    dependency: transitive
    description:
      name: camera_android_camerax
      sha256: "8516fe308bc341a5067fb1a48edff0ddfa57c0d3cdcc9dbe7ceca3ba119e2577"
      url: "https://pub.dev"
    source: hosted
    version: "0.6.30"
  camera_avfoundation:
    dependency: transitive
    description:
      name: camera_avfoundation
      sha256: "11b4aee2f5e5e038982e152b4a342c749b414aa27857899d20f4323e94cb5f0b"
      url: "https://pub.dev"
    source: hosted
    version: "0.9.23+2"
  camera_platform_interface:
    dependency: transitive
    description:
      name: camera_platform_interface
      sha256: "7ac852d77699acee79f0d438b793feee26721841e50973576419ff5c6d95e9b7"
      url: "https://pub.dev"
    source: hosted
    version: "2.13.0"
  camera_web:
    dependency: transitive
    description:
      name: camera_web
      sha256: "57f49a635c8bf249d07fb95eb693d7e4dda6796dedb3777f9127fb54847beba7"
      url: "https://pub.dev"
    source: hosted
    version: "0.3.5+3"
  characters:
    dependency: transitive
    description:
      name: characters
      sha256: faf38497bda5ead2a8c7615f4f7939df04333478bf32e4173fcb06d428b5716b
      url: "https://pub.dev"
    source: hosted
    version: "1.4.1"
  clock:
    dependency: transitive
    description:
      name: clock
      sha256: fddb70d9b5277016c77a80201021d40a2247104d9f4aa7bab7157b7e3f05b84b
      url: "https://pub.dev"
    source: hosted
    version: "1.1.2"
  code_assets:
    dependency: transitive
    description:
      name: code_assets
      sha256: "83ccdaa064c980b5596c35dd64a8d3ecc68620174ab9b90b6343b753aa721687"
      url: "https://pub.dev"
    source: hosted
    version: "1.0.0"
  collection:
    dependency: transitive
    description:
      name: collection
      sha256: "2f5709ae4d3d59dd8f7cd309b4e023046b57d8a6c82130785d2b0e5868084e76"
      url: "https://pub.dev"
    source: hosted
    version: "1.19.1"
  cross_file:
    dependency: transitive
    description:
      name: cross_file
      sha256: "28bb3ae56f117b5aec029d702a90f57d285cd975c3c5c281eaca38dbc47c5937"
      url: "https://pub.dev"
    source: hosted
    version: "0.3.5+2"
  crypto:
    dependency: transitive
    description:
      name: crypto
      sha256: c8ea0233063ba03258fbcf2ca4d6dadfefe14f02fab57702265467a19f27fadf
      url: "https://pub.dev"
    source: hosted
    version: "3.0.7"
  cupertino_icons:
    dependency: "direct main"
    description:
      name: cupertino_icons
      sha256: "41e005c33bd814be4d3096aff55b1908d419fde52ca656c8c47719ec745873cd"
      url: "https://pub.dev"
    source: hosted
    version: "1.0.9"
  dbus:
    dependency: transitive
    description:
      path: "."
      ref: HEAD
      resolved-ref: "21033192e67a77b2a03d815bf897c762398506fb"
      url: "https://github.com/kumsumit/dbus.dart.git"
    source: git
    version: "0.7.12"
  device_info_plus:
    dependency: transitive
    description:
      path: "."
      ref: HEAD
      resolved-ref: "4f0f66089277101c049b67b5643eae4011fc6424"
      url: "https://github.com/kumsumit/device_info_plus.git"
    source: git
    version: "13.1.0"
  device_info_plus_platform_interface:
    dependency: transitive
    description:
      path: "."
      ref: HEAD
      resolved-ref: "3be62502fab67002dc88f10ecefe3bd76cdab15c"
      url: "https://github.com/kumsumit/device_info_plus_platform_interface.git"
    source: git
    version: "7.0.2"
  fake_async:
    dependency: transitive
    description:
      name: fake_async
      sha256: "5368f224a74523e8d2e7399ea1638b37aecfca824a3cc4dfdf77bf1fa905ac44"
      url: "https://pub.dev"
    source: hosted
    version: "1.3.3"
  ffi:
    dependency: transitive
    description:
      name: ffi
      sha256: "6d7fd89431262d8f3125e81b50d3847a091d846eafcd4fdb88dd06f36d705a45"
      url: "https://pub.dev"
    source: hosted
    version: "2.2.0"
  ffi_leak_tracker:
    dependency: transitive
    description:
      name: ffi_leak_tracker
      sha256: "4093d4ef9ca06ffe2786e73bfb25e22aa92112b9bb4ec941f11e3e6b61489a97"
      url: "https://pub.dev"
    source: hosted
    version: "0.1.2"
  file:
    dependency: transitive
    description:
      name: file
      sha256: a3b4f84adafef897088c160faf7dfffb7696046cb13ae90b508c2cbc95d3b8d4
      url: "https://pub.dev"
    source: hosted
    version: "7.0.1"
  fixnum:
    dependency: transitive
    description:
      name: fixnum
      sha256: b6dc7065e46c974bc7c5f143080a6764ec7a4be6da1285ececdc37be96de53be
      url: "https://pub.dev"
    source: hosted
    version: "1.1.1"
  flutter:
    dependency: "direct main"
    description: flutter
    source: sdk
    version: "0.0.0"
  flutter_lints:
    dependency: "direct dev"
    description:
      name: flutter_lints
      sha256: "3105dc8492f6183fb076ccf1f351ac3d60564bff92e20bfc4af9cc1651f4e7e1"
      url: "https://pub.dev"
    source: hosted
    version: "6.0.0"
  flutter_plugin_android_lifecycle:
    dependency: transitive
    description:
      name: flutter_plugin_android_lifecycle
      sha256: "38d1c268de9097ff59cf0e844ac38759fc78f76836d37edad06fa21e182055a0"
      url: "https://pub.dev"
    source: hosted
    version: "2.0.34"
  flutter_test:
    dependency: "direct dev"
    description: flutter
    source: sdk
    version: "0.0.0"
  flutter_web_plugins:
    dependency: transitive
    description: flutter
    source: sdk
    version: "0.0.0"
  gallery_picker:
    dependency: "direct overridden"
    description:
      path: ".."
      relative: true
    source: path
    version: "0.5.1"
  glob:
    dependency: transitive
    description:
      name: glob
      sha256: c3f1ee72c96f8f78935e18aa8cecced9ab132419e8625dc187e1c2408efc20de
      url: "https://pub.dev"
    source: hosted
    version: "2.1.3"
  hooks:
    dependency: transitive
    description:
      name: hooks
      sha256: "025f060e86d2d4c3c47b56e33caf7f93bf9283340f26d23424ebcfccf34f621e"
      url: "https://pub.dev"
    source: hosted
    version: "1.0.3"
  http:
    dependency: transitive
    description:
      name: http
      sha256: "87721a4a50b19c7f1d49001e51409bddc46303966ce89a65af4f4e6004896412"
      url: "https://pub.dev"
    source: hosted
    version: "1.6.0"
  http_parser:
    dependency: transitive
    description:
      name: http_parser
      sha256: "178d74305e7866013777bab2c3d8726205dc5a4dd935297175b19a23a2e66571"
      url: "https://pub.dev"
    source: hosted
    version: "4.1.2"
  image:
    dependency: transitive
    description:
      path: "."
      ref: HEAD
      resolved-ref: "7127a3b0d2b07b4f9beea7d071d54f66f17f7dda"
      url: "https://github.com/kumsumit/image.git"
    source: git
    version: "4.8.0"
  intl:
    dependency: transitive
    description:
      name: intl
      sha256: "3df61194eb431efc39c4ceba583b95633a403f46c9fd341e550ce0bfa50e9aa5"
      url: "https://pub.dev"
    source: hosted
    version: "0.20.2"
  leak_tracker:
    dependency: transitive
    description:
      name: leak_tracker
      sha256: "33e2e26bdd85a0112ec15400c8cbffea70d0f9c3407491f672a2fad47915e2de"
      url: "https://pub.dev"
    source: hosted
    version: "11.0.2"
  leak_tracker_flutter_testing:
    dependency: transitive
    description:
      name: leak_tracker_flutter_testing
      sha256: "1dbc140bb5a23c75ea9c4811222756104fbcd1a27173f0c34ca01e16bea473c1"
      url: "https://pub.dev"
    source: hosted
    version: "3.0.10"
  leak_tracker_testing:
    dependency: transitive
    description:
      name: leak_tracker_testing
      sha256: "8d5a2d49f4a66b49744b23b018848400d23e54caf9463f4eb20df3eb8acb2eb1"
      url: "https://pub.dev"
    source: hosted
    version: "3.0.2"
  lints:
    dependency: transitive
    description:
      name: lints
      sha256: "12f842a479589fea194fe5c5a3095abc7be0c1f2ddfa9a0e76aed1dbd26a87df"
      url: "https://pub.dev"
    source: hosted
    version: "6.1.0"
  logging:
    dependency: transitive
    description:
      name: logging
      sha256: c8245ada5f1717ed44271ed1c26b8ce85ca3228fd2ffdb75468ab01979309d61
      url: "https://pub.dev"
    source: hosted
    version: "1.3.0"
  matcher:
    dependency: transitive
    description:
      name: matcher
      sha256: dc0b7dc7651697ea4ff3e69ef44b0407ea32c487a39fff6a4004fa585e901861
      url: "https://pub.dev"
    source: hosted
    version: "0.12.19"
  material_color_utilities:
    dependency: transitive
    description:
      name: material_color_utilities
      sha256: "9c337007e82b1889149c82ed242ed1cb24a66044e30979c44912381e9be4c48b"
      url: "https://pub.dev"
    source: hosted
    version: "0.13.0"
  media_kit:
    dependency: transitive
    description:
      path: "."
      ref: HEAD
      resolved-ref: "13bd1cf17bd79aed3df85b18432e64cc618f1bed"
      url: "https://github.com/kumsumit/media_kit.git"
    source: git
    version: "1.1.11"
  media_kit_libs_android_video:
    dependency: transitive
    description:
      path: "."
      ref: HEAD
      resolved-ref: eaffc4b452b395f97152619fe3a990b150624dcd
      url: "https://github.com/kumsumit/media_kit_libs_android_video.git"
    source: git
    version: "1.3.8"
  media_kit_libs_ios_video:
    dependency: transitive
    description:
      path: "."
      ref: HEAD
      resolved-ref: "46a47a07b16ac5796ef57c8223f1689b3661a143"
      url: "https://github.com/kumsumit/media_kit_libs_ios_video.git"
    source: git
    version: "1.1.4"
  media_kit_libs_linux:
    dependency: transitive
    description:
      path: "."
      ref: HEAD
      resolved-ref: "96144c9f4d04057368384080d717870c9225a2b6"
      url: "https://github.com/kumsumit/media_kit_libs_linux.git"
    source: git
    version: "1.2.1"
  media_kit_libs_macos_video:
    dependency: transitive
    description:
      path: "."
      ref: HEAD
      resolved-ref: "9044de7711ce7b3d0a784741a6a132016c281f4d"
      url: "https://github.com/kumsumit/media_kit_libs_macos_video.git"
    source: git
    version: "1.1.4"
  media_kit_libs_video:
    dependency: transitive
    description:
      path: "."
      ref: HEAD
      resolved-ref: "27f45c449317da3f610bbe2ee89de0e026473be4"
      url: "https://github.com/kumsumit/media_kit_libs_video.git"
    source: git
    version: "1.0.6"
  media_kit_libs_windows_video:
    dependency: transitive
    description:
      path: "."
      ref: HEAD
      resolved-ref: fbd340fb971a8fe6bdf287f6cc6a58877df49558
      url: "https://github.com/kumsumit/media_kit_libs_windows_video.git"
    source: git
    version: "1.0.11"
  media_kit_video:
    dependency: transitive
    description:
      path: "."
      ref: HEAD
      resolved-ref: "9dcf0925b863635814275840335887b5544fab16"
      url: "https://github.com/kumsumit/media_kit_video.git"
    source: git
    version: "1.2.5"
  meta:
    dependency: transitive
    description:
      name: meta
      sha256: "23f08335362185a5ea2ad3a4e597f1375e78bce8a040df5c600c8d3552ef2394"
      url: "https://pub.dev"
    source: hosted
    version: "1.17.0"
  native_toolchain_c:
    dependency: transitive
    description:
      name: native_toolchain_c
      sha256: "6ba77bb18063eebe9de401f5e6437e95e1438af0a87a3a39084fbd37c90df572"
      url: "https://pub.dev"
    source: hosted
    version: "0.17.6"
  nested:
    dependency: transitive
    description:
      name: nested
      sha256: "03bac4c528c64c95c722ec99280375a6f2fc708eec17c7b3f07253b626cd2a20"
      url: "https://pub.dev"
    source: hosted
    version: "1.0.0"
  objective_c:
    dependency: transitive
    description:
      name: objective_c
      sha256: "100a1c87616ab6ed41ec263b083c0ef3261ee6cd1dc3b0f35f8ddfa4f996fe52"
      url: "https://pub.dev"
    source: hosted
    version: "9.3.0"
  package_info_plus:
    dependency: transitive
    description:
      path: "."
      ref: HEAD
      resolved-ref: c8b7ad7ae207ec857b1c892ae322821f4dd11ba1
      url: "https://github.com/kumsumit/package_info_plus.git"
    source: git
    version: "10.1.0"
  package_info_plus_platform_interface:
    dependency: transitive
    description:
      path: "."
      ref: HEAD
      resolved-ref: "7285fc6ce9f74f982b5931dc04299c4d7ee6c48c"
      url: "https://github.com/kumsumit/package_info_plus_platform_interface.git"
    source: git
    version: "3.2.0"
  page_transition:
    dependency: transitive
    description:
      name: page_transition
      sha256: "9d2a780d7d68b53ae82fbcc43e06a16195e6775e9aae40e55dc0cbb593460f9d"
      url: "https://pub.dev"
    source: hosted
    version: "2.2.1"
  path:
    dependency: transitive
    description:
      name: path
      sha256: "75cca69d1490965be98c73ceaea117e8a04dd21217b37b292c9ddbec0d955bc5"
      url: "https://pub.dev"
    source: hosted
    version: "1.9.1"
  path_provider:
    dependency: transitive
    description:
      path: "."
      ref: HEAD
      resolved-ref: d3faba3247861212df44e5fab95df42bbd0183f3
      url: "https://github.com/kumsumit/path_provider.git"
    source: git
    version: "2.1.5"
  path_provider_android:
    dependency: transitive
    description:
      path: "."
      ref: HEAD
      resolved-ref: "10e7ff4a86fed777f2911b321e5b921c5d8e9b51"
      url: "https://github.com/kumsumit/path_provider_android.git"
    source: git
    version: "2.2.16"
  path_provider_foundation:
    dependency: transitive
    description:
      path: "."
      ref: HEAD
      resolved-ref: "3d32018c8b11f05485058de95b83822653e2a7b3"
      url: "https://github.com/kumsumit/path_provider_foundation.git"
    source: git
    version: "2.6.0"
  path_provider_linux:
    dependency: transitive
    description:
      path: "."
      ref: HEAD
      resolved-ref: "9b0e2a86bf1983cb5c82a2a2b29426f16be49546"
      url: "https://github.com/kumsumit/path_provider_linux.git"
    source: git
    version: "2.2.1"
  path_provider_platform_interface:
    dependency: transitive
    description:
      path: "."
      ref: HEAD
      resolved-ref: "6f8cac470cb4572a24fe5d5007833a07abe13bcf"
      url: "https://github.com/kumsumit/path_provider_platform_interface.git"
    source: git
    version: "2.1.2"
  path_provider_windows:
    dependency: transitive
    description:
      path: "."
      ref: HEAD
      resolved-ref: "8473a1f5d530c008dce98020b1658bfc49358730"
      url: "https://github.com/kumsumit/path_provider_windows.git"
    source: git
    version: "2.3.0"
  permission_handler:
    dependency: transitive
    description:
      path: "."
      ref: HEAD
      resolved-ref: "251065cf30e9fa3baae7638d2f3154e36e6151ac"
      url: "https://github.com/kumsumit/permission_handler.git"
    source: git
    version: "11.3.1"
  permission_handler_android:
    dependency: transitive
    description:
      path: "."
      ref: HEAD
      resolved-ref: "5aefd0e59da321be0229b10ac3d0584f3afd5fa1"
      url: "https://github.com/kumsumit/permission_handler_android.git"
    source: git
    version: "12.0.13"
  permission_handler_apple:
    dependency: transitive
    description:
      path: "."
      ref: HEAD
      resolved-ref: "8a32682ceb3150d0ca55dd8304f88572a11037ba"
      url: "https://github.com/kumsumit/permission_handler_apple.git"
    source: git
    version: "9.4.5"
  permission_handler_platform_interface:
    dependency: transitive
    description:
      path: "."
      ref: HEAD
      resolved-ref: "0b3ce9b9f9a0fa279b139c156aa58c2898b06ffc"
      url: "https://github.com/kumsumit/permission_handler_platform_interface.git"
    source: git
    version: "4.2.3"
  permission_handler_windows:
    dependency: transitive
    description:
      path: "."
      ref: HEAD
      resolved-ref: "43f236179184574b06df4cd3d31851d9d1283a45"
      url: "https://github.com/kumsumit/permission_handler_windows.git"
    source: git
    version: "0.2.1"
  petitparser:
    dependency: transitive
    description:
      name: petitparser
      sha256: "91bd59303e9f769f108f8df05e371341b15d59e995e6806aefab827b58336675"
      url: "https://pub.dev"
    source: hosted
    version: "7.0.2"
  photo_gallery:
    dependency: transitive
    description:
      path: "."
      ref: HEAD
      resolved-ref: a9bbf445233c76ab0d1ca99559e945000ea544f9
      url: "https://github.com/kumsumit/photo_gallery.git"
    source: git
    version: "2.2.1"
  platform:
    dependency: transitive
    description:
      name: platform
      sha256: "5d6b1b0036a5f331ebc77c850ebc8506cbc1e9416c27e59b439f917a902a4984"
      url: "https://pub.dev"
    source: hosted
    version: "3.1.6"
  plugin_platform_interface:
    dependency: "direct overridden"
    description:
      path: "."
      ref: HEAD
      resolved-ref: f19d3faf8d449aa73be0c3c71bd7e67fc0fb28bf
      url: "https://github.com/kumsumit/plugin_platform_interface.git"
    source: git
    version: "2.1.8"
  posix:
    dependency: transitive
    description:
      name: posix
      sha256: "185ef7606574f789b40f289c233efa52e96dead518aed988e040a10737febb07"
      url: "https://pub.dev"
    source: hosted
    version: "6.5.0"
  provider:
    dependency: transitive
    description:
      name: provider
      sha256: "4e82183fa20e5ca25703ead7e05de9e4cceed1fbd1eadc1ac3cb6f565a09f272"
      url: "https://pub.dev"
    source: hosted
    version: "6.1.5+1"
  pub_semver:
    dependency: transitive
    description:
      name: pub_semver
      sha256: "5bfcf68ca79ef689f8990d1160781b4bad40a3bd5e5218ad4076ddb7f4081585"
      url: "https://pub.dev"
    source: hosted
    version: "2.2.0"
  record_use:
    dependency: transitive
    description:
      name: record_use
      sha256: "2551bd8eecfe95d14ae75f6021ad0248be5c27f138c2ec12fcb52b500b3ba1ed"
      url: "https://pub.dev"
    source: hosted
    version: "0.6.0"
  safe_local_storage:
    dependency: transitive
    description:
      name: safe_local_storage
      sha256: "287ea1f667c0b93cdc127dccc707158e2d81ee59fba0459c31a0c7da4d09c755"
      url: "https://pub.dev"
    source: hosted
    version: "2.0.3"
  screen_brightness:
    dependency: transitive
    description:
      path: "."
      ref: HEAD
      resolved-ref: "7900376f1b3a904071d8d1f26f895302fa7e5105"
      url: "https://github.com/kumsumit/screen_brightness.git"
    source: git
    version: "2.1.3"
  screen_brightness_android:
    dependency: transitive
    description:
      path: "."
      ref: HEAD
      resolved-ref: "7615f75665258af0a1dc597e8988e75fc6c3c912"
      url: "https://github.com/kumsumit/screen_brightness_android.git"
    source: git
    version: "2.1.1"
  screen_brightness_ios:
    dependency: transitive
    description:
      path: "."
      ref: HEAD
      resolved-ref: "407c58657841c0e8b65fb813727753d016053d84"
      url: "https://github.com/kumsumit/screen_brightness_ios.git"
    source: git
    version: "2.1.1"
  screen_brightness_macos:
    dependency: transitive
    description:
      path: "."
      ref: HEAD
      resolved-ref: "31e99ce227be0dda517e8d844a0f5b05231c4208"
      url: "https://github.com/kumsumit/screen_brightness_macos.git"
    source: git
    version: "2.0.0"
  screen_brightness_ohos:
    dependency: transitive
    description:
      path: "."
      ref: HEAD
      resolved-ref: "7e9056ea33e12242bf28039ff0830597767a01ce"
      url: "https://github.com/kumsumit/screen_brightness_ohos.git"
    source: git
    version: "2.1.0"
  screen_brightness_platform_interface:
    dependency: transitive
    description:
      path: "."
      ref: HEAD
      resolved-ref: c6854e9162767cd31205658ab12375950901ca5e
      url: "https://github.com/kumsumit/screen_brightness_platform_interface.git"
    source: git
    version: "2.1.0"
  screen_brightness_windows:
    dependency: transitive
    description:
      path: "."
      ref: HEAD
      resolved-ref: "2564ce33afe4947156e4d9b6d3e01724d72c47b5"
      url: "https://github.com/kumsumit/screen_brightness_windows.git"
    source: git
    version: "2.1.0"
  sky_engine:
    dependency: transitive
    description: flutter
    source: sdk
    version: "0.0.0"
  source_span:
    dependency: transitive
    description:
      name: source_span
      sha256: "56a02f1f4cd1a2d96303c0144c93bd6d909eea6bee6bf5a0e0b685edbd4c47ab"
      url: "https://pub.dev"
    source: hosted
    version: "1.10.2"
  stack_trace:
    dependency: transitive
    description:
      name: stack_trace
      sha256: "8b27215b45d22309b5cddda1aa2b19bdfec9df0e765f2de506401c071d38d1b1"
      url: "https://pub.dev"
    source: hosted
    version: "1.12.1"
  stream_channel:
    dependency: transitive
    description:
      name: stream_channel
      sha256: "969e04c80b8bcdf826f8f16579c7b14d780458bd97f56d107d3950fdbeef059d"
      url: "https://pub.dev"
    source: hosted
    version: "2.1.4"
  stream_transform:
    dependency: transitive
    description:
      name: stream_transform
      sha256: ad47125e588cfd37a9a7f86c7d6356dde8dfe89d071d293f80ca9e9273a33871
      url: "https://pub.dev"
    source: hosted
    version: "2.1.1"
  string_scanner:
    dependency: transitive
    description:
      name: string_scanner
      sha256: "921cd31725b72fe181906c6a94d987c78e3b98c2e205b397ea399d4054872b43"
      url: "https://pub.dev"
    source: hosted
    version: "1.4.1"
  synchronized:
    dependency: transitive
    description:
      name: synchronized
      sha256: "63896c27e81b28f8cb4e69ead0d3e8f03f1d1e5fc531a3e579cabed6a2c7c9e5"
      url: "https://pub.dev"
    source: hosted
    version: "3.4.0+1"
  term_glyph:
    dependency: transitive
    description:
      name: term_glyph
      sha256: "7f554798625ea768a7518313e58f83891c7f5024f88e46e7182a4558850a4b8e"
      url: "https://pub.dev"
    source: hosted
    version: "1.2.2"
  test_api:
    dependency: transitive
    description:
      name: test_api
      sha256: "8161c84903fd860b26bfdefb7963b3f0b68fee7adea0f59ef805ecca346f0c7a"
      url: "https://pub.dev"
    source: hosted
    version: "0.7.10"
  transparent_image:
    dependency: transitive
    description:
      name: transparent_image
      sha256: e8991d955a2094e197ca24c645efec2faf4285772a4746126ca12875e54ca02f
      url: "https://pub.dev"
    source: hosted
    version: "2.0.1"
  typed_data:
    dependency: transitive
    description:
      name: typed_data
      sha256: f9049c039ebfeb4cf7a7104a675823cd72dba8297f264b6637062516699fa006
      url: "https://pub.dev"
    source: hosted
    version: "1.4.0"
  universal_platform:
    dependency: transitive
    description:
      name: universal_platform
      sha256: "64e16458a0ea9b99260ceb5467a214c1f298d647c659af1bff6d3bf82536b1ec"
      url: "https://pub.dev"
    source: hosted
    version: "1.1.0"
  uri_parser:
    dependency: transitive
    description:
      name: uri_parser
      sha256: "051c62e5f693de98ca9f130ee707f8916e2266945565926be3ff20659f7853ce"
      url: "https://pub.dev"
    source: hosted
    version: "3.0.2"
  uuid:
    dependency: transitive
    description:
      name: uuid
      sha256: "1fef9e8e11e2991bb773070d4656b7bd5d850967a2456cfc83cf47925ba79489"
      url: "https://pub.dev"
    source: hosted
    version: "4.5.3"
  vector_math:
    dependency: transitive
    description:
      name: vector_math
      sha256: d530bd74fea330e6e364cda7a85019c434070188383e1cd8d9777ee586914c5b
      url: "https://pub.dev"
    source: hosted
    version: "2.2.0"
  video_thumbnail_plugin:
    dependency: transitive
    description:
      path: "."
      ref: HEAD
      resolved-ref: "77f0643c065ce6ffb5de9e13206c8d2c57cecc45"
      url: "https://github.com/sumitsharansatsangi/video_thumbnail_plugin.git"
    source: git
    version: "0.0.5"
  vm_service:
    dependency: transitive
    description:
      name: vm_service
      sha256: "0016aef94fc66495ac78af5859181e3f3bf2026bd8eecc72b9565601e19ab360"
      url: "https://pub.dev"
    source: hosted
    version: "15.2.0"
  volume_controller:
    dependency: transitive
    description:
      path: "."
      ref: HEAD
      resolved-ref: "06ec1f917e1f8f59cd3d1b9dd6c03fc8c4fa14e3"
      url: "https://github.com/sumitsharansatsangi/volume_controller.git"
    source: git
    version: "3.3.3"
  wakelock_plus:
    dependency: transitive
    description:
      path: "."
      ref: HEAD
      resolved-ref: "30ae3622992339ad66d90b94a82dafcb329f902d"
      url: "https://github.com/kumsumit/wakelock_plus.git"
    source: git
    version: "1.6.0"
  wakelock_plus_platform_interface:
    dependency: transitive
    description:
      path: "."
      ref: HEAD
      resolved-ref: "36f0bfb1caf93d27cf2b877ad354e66165bc65c8"
      url: "https://github.com/kumsumit/wakelock_plus_platform_interface.git"
    source: git
    version: "1.5.0"
  web:
    dependency: transitive
    description:
      name: web
      sha256: "868d88a33d8a87b18ffc05f9f030ba328ffefba92d6c127917a2ba740f9cfe4a"
      url: "https://pub.dev"
    source: hosted
    version: "1.1.1"
  win32:
    dependency: transitive
    description:
      name: win32
      sha256: a1fc9eb9248baa05dfc12ed5b66e377b3e23f095eec078e0371622b9033810d9
      url: "https://pub.dev"
    source: hosted
    version: "6.2.0"
  win32_registry:
    dependency: transitive
    description:
      name: win32_registry
      sha256: "73b1d78920a9d6e03f8b4e43e612b87bf3152a0e5c5e5150267762b7c4116904"
      url: "https://pub.dev"
    source: hosted
    version: "3.0.3"
  xdg_directories:
    dependency: transitive
    description:
      name: xdg_directories
      sha256: "7a3f37b05d989967cdddcbb571f1ea834867ae2faa29725fd085180e0883aa15"
      url: "https://pub.dev"
    source: hosted
    version: "1.1.0"
  xml:
    dependency: transitive
    description:
      name: xml
      sha256: "67f0aff7be013d107995e9b75bf4e7f2c3ef2dfdb2c8e68024bba0a7fd5756a4"
      url: "https://pub.dev"
    source: hosted
    version: "7.0.1"
  yaml:
    dependency: transitive
    description:
      name: yaml
      sha256: b9da305ac7c39faa3f030eccd175340f968459dae4af175130b3fc47e40d76ce
      url: "https://pub.dev"
    source: hosted
    version: "3.1.3"
sdks:
  dart: ">=3.11.3 <4.0.0"
  flutter: ">=3.41.1"
